PODS:
  - Flutter (1.0.0)
  - swift_plugin_poc (0.0.1):
    - Flutter

DEPENDENCIES:
  - Flutter (from `/Users/rxlabz/dev/tools/flutter/bin/cache/artifacts/engine/ios`)
  - swift_plugin_poc (from `/Users/rxlabz/tmp/plugin_flutter/FlutterSwiftPlugin-template/ios`)

EXTERNAL SOURCES:
  Flutter:
    :path: /Users/rxlabz/dev/tools/flutter/bin/cache/artifacts/engine/ios
  swift_plugin_poc:
    :path: /Users/rxlabz/tmp/plugin_flutter/FlutterSwiftPlugin-template/ios

SPEC CHECKSUMS:
  Flutter: d674e78c937094a75ac71dd77e921e840bea3dbf
  swift_plugin_poc: 3093607b2adca49853798e9de5184010b197646d

PODFILE CHECKSUM: cc70c01bca487bebd110b87397f017f3b76a89f1

COCOAPODS: 1.2.0
